
Microsoft Visual Studio Solution File, Format Version 12.00
# Visual Studio 15
VisualStudioVersion = 15.0.27703.2042
MinimumVisualStudioVersion = 10.0.40219.1
Project("{8BC9CEB8-8B4A-11D0-8D11-00A0C91BC942}") = "ClrProfiler", "ClrProfiler\ClrProfiler.vcxproj", "{91B6272F-5780-4C94-8071-DBBA7B4F67F3}"
EndProject
Project("{9A19103F-16F7-4668-BE54-9A1E7A4F7556}") = "Samples.RedisCore", "Samples.RedisCore\Samples.RedisCore.csproj", "{ED05D8AE-F48D-48B5-A1A4-E65089170F63}"
EndProject
Project("{2150E333-8FDC-42A3-9474-1A3956D46DE8}") = "Solution Items", "Solution Items", "{12470FC6-9830-4448-BBEE-87807049796E}"
	ProjectSection(SolutionItems) = preProject
		..\.editorconfig = ..\.editorconfig
		..\dev.cmd = ..\dev.cmd
		..\LICENSE = ..\LICENSE
		..\README.md = ..\README.md
		..\trace.json = ..\trace.json
	EndProjectSection
EndProject
Project("{9A19103F-16F7-4668-BE54-9A1E7A4F7556}") = "ClrProfiler.Trace", "ClrProfiler.Trace\ClrProfiler.Trace.csproj", "{34113CD4-9FF1-4C70-9E0E-D04A7035716C}"
EndProject
Project("{FAE04EC0-301F-11D3-BF4B-00C04F79EFBC}") = "Samples.Redis", "Samples.Redis\Samples.Redis.csproj", "{C4DDDE3E-4FEA-413D-BAA3-09969C50898F}"
EndProject
Global
	GlobalSection(SolutionConfigurationPlatforms) = preSolution
		Debug|Any CPU = Debug|Any CPU
		Debug|Win32 = Debug|Win32
		Debug|x64 = Debug|x64
		Debug|x86 = Debug|x86
		Release|Any CPU = Release|Any CPU
		Release|Win32 = Release|Win32
		Release|x64 = Release|x64
		Release|x86 = Release|x86
	EndGlobalSection
	GlobalSection(ProjectConfigurationPlatforms) = postSolution
		{91B6272F-5780-4C94-8071-DBBA7B4F67F3}.Debug|Any CPU.ActiveCfg = Debug|x64
		{91B6272F-5780-4C94-8071-DBBA7B4F67F3}.Debug|Win32.ActiveCfg = Debug|x64
		{91B6272F-5780-4C94-8071-DBBA7B4F67F3}.Debug|x64.ActiveCfg = Debug|x64
		{91B6272F-5780-4C94-8071-DBBA7B4F67F3}.Debug|x64.Build.0 = Debug|x64
		{91B6272F-5780-4C94-8071-DBBA7B4F67F3}.Debug|x86.ActiveCfg = Debug|x64
		{91B6272F-5780-4C94-8071-DBBA7B4F67F3}.Release|Any CPU.ActiveCfg = Release|x64
		{91B6272F-5780-4C94-8071-DBBA7B4F67F3}.Release|Win32.ActiveCfg = Release|x64
		{91B6272F-5780-4C94-8071-DBBA7B4F67F3}.Release|x64.ActiveCfg = Release|x64
		{91B6272F-5780-4C94-8071-DBBA7B4F67F3}.Release|x64.Build.0 = Release|x64
		{91B6272F-5780-4C94-8071-DBBA7B4F67F3}.Release|x86.ActiveCfg = Release|x64
		{ED05D8AE-F48D-48B5-A1A4-E65089170F63}.Debug|Any CPU.ActiveCfg = Debug|Any CPU
		{ED05D8AE-F48D-48B5-A1A4-E65089170F63}.Debug|Any CPU.Build.0 = Debug|Any CPU
		{ED05D8AE-F48D-48B5-A1A4-E65089170F63}.Debug|Win32.ActiveCfg = Debug|Any CPU
		{ED05D8AE-F48D-48B5-A1A4-E65089170F63}.Debug|Win32.Build.0 = Debug|Any CPU
		{ED05D8AE-F48D-48B5-A1A4-E65089170F63}.Debug|x64.ActiveCfg = Debug|Any CPU
		{ED05D8AE-F48D-48B5-A1A4-E65089170F63}.Debug|x64.Build.0 = Debug|Any CPU
		{ED05D8AE-F48D-48B5-A1A4-E65089170F63}.Debug|x86.ActiveCfg = Debug|Any CPU
		{ED05D8AE-F48D-48B5-A1A4-E65089170F63}.Debug|x86.Build.0 = Debug|Any CPU
		{ED05D8AE-F48D-48B5-A1A4-E65089170F63}.Release|Any CPU.ActiveCfg = Release|Any CPU
		{ED05D8AE-F48D-48B5-A1A4-E65089170F63}.Release|Any CPU.Build.0 = Release|Any CPU
		{ED05D8AE-F48D-48B5-A1A4-E65089170F63}.Release|Win32.ActiveCfg = Release|Any CPU
		{ED05D8AE-F48D-48B5-A1A4-E65089170F63}.Release|Win32.Build.0 = Release|Any CPU
		{ED05D8AE-F48D-48B5-A1A4-E65089170F63}.Release|x64.ActiveCfg = Release|Any CPU
		{ED05D8AE-F48D-48B5-A1A4-E65089170F63}.Release|x64.Build.0 = Release|Any CPU
		{ED05D8AE-F48D-48B5-A1A4-E65089170F63}.Release|x86.ActiveCfg = Release|Any CPU
		{ED05D8AE-F48D-48B5-A1A4-E65089170F63}.Release|x86.Build.0 = Release|Any CPU
		{34113CD4-9FF1-4C70-9E0E-D04A7035716C}.Debug|Any CPU.ActiveCfg = Debug|Any CPU
		{34113CD4-9FF1-4C70-9E0E-D04A7035716C}.Debug|Any CPU.Build.0 = Debug|Any CPU
		{34113CD4-9FF1-4C70-9E0E-D04A7035716C}.Debug|Win32.ActiveCfg = Debug|Any CPU
		{34113CD4-9FF1-4C70-9E0E-D04A7035716C}.Debug|Win32.Build.0 = Debug|Any CPU
		{34113CD4-9FF1-4C70-9E0E-D04A7035716C}.Debug|x64.ActiveCfg = Debug|Any CPU
		{34113CD4-9FF1-4C70-9E0E-D04A7035716C}.Debug|x64.Build.0 = Debug|Any CPU
		{34113CD4-9FF1-4C70-9E0E-D04A7035716C}.Debug|x86.ActiveCfg = Debug|Any CPU
		{34113CD4-9FF1-4C70-9E0E-D04A7035716C}.Debug|x86.Build.0 = Debug|Any CPU
		{34113CD4-9FF1-4C70-9E0E-D04A7035716C}.Release|Any CPU.ActiveCfg = Release|Any CPU
		{34113CD4-9FF1-4C70-9E0E-D04A7035716C}.Release|Any CPU.Build.0 = Release|Any CPU
		{34113CD4-9FF1-4C70-9E0E-D04A7035716C}.Release|Win32.ActiveCfg = Release|Any CPU
		{34113CD4-9FF1-4C70-9E0E-D04A7035716C}.Release|Win32.Build.0 = Release|Any CPU
		{34113CD4-9FF1-4C70-9E0E-D04A7035716C}.Release|x64.ActiveCfg = Release|Any CPU
		{34113CD4-9FF1-4C70-9E0E-D04A7035716C}.Release|x64.Build.0 = Release|Any CPU
		{34113CD4-9FF1-4C70-9E0E-D04A7035716C}.Release|x86.ActiveCfg = Release|Any CPU
		{34113CD4-9FF1-4C70-9E0E-D04A7035716C}.Release|x86.Build.0 = Release|Any CPU
		{C4DDDE3E-4FEA-413D-BAA3-09969C50898F}.Debug|Any CPU.ActiveCfg = Debug|Any CPU
		{C4DDDE3E-4FEA-413D-BAA3-09969C50898F}.Debug|Any CPU.Build.0 = Debug|Any CPU
		{C4DDDE3E-4FEA-413D-BAA3-09969C50898F}.Debug|Win32.ActiveCfg = Debug|Any CPU
		{C4DDDE3E-4FEA-413D-BAA3-09969C50898F}.Debug|Win32.Build.0 = Debug|Any CPU
		{C4DDDE3E-4FEA-413D-BAA3-09969C50898F}.Debug|x64.ActiveCfg = Debug|Any CPU
		{C4DDDE3E-4FEA-413D-BAA3-09969C50898F}.Debug|x64.Build.0 = Debug|Any CPU
		{C4DDDE3E-4FEA-413D-BAA3-09969C50898F}.Debug|x86.ActiveCfg = Debug|Any CPU
		{C4DDDE3E-4FEA-413D-BAA3-09969C50898F}.Debug|x86.Build.0 = Debug|Any CPU
		{C4DDDE3E-4FEA-413D-BAA3-09969C50898F}.Release|Any CPU.ActiveCfg = Release|Any CPU
		{C4DDDE3E-4FEA-413D-BAA3-09969C50898F}.Release|Any CPU.Build.0 = Release|Any CPU
		{C4DDDE3E-4FEA-413D-BAA3-09969C50898F}.Release|Win32.ActiveCfg = Release|Any CPU
		{C4DDDE3E-4FEA-413D-BAA3-09969C50898F}.Release|Win32.Build.0 = Release|Any CPU
		{C4DDDE3E-4FEA-413D-BAA3-09969C50898F}.Release|x64.ActiveCfg = Release|Any CPU
		{C4DDDE3E-4FEA-413D-BAA3-09969C50898F}.Release|x64.Build.0 = Release|Any CPU
		{C4DDDE3E-4FEA-413D-BAA3-09969C50898F}.Release|x86.ActiveCfg = Release|Any CPU
		{C4DDDE3E-4FEA-413D-BAA3-09969C50898F}.Release|x86.Build.0 = Release|Any CPU
	EndGlobalSection
	GlobalSection(SolutionProperties) = preSolution
		HideSolutionNode = FALSE
	EndGlobalSection
	GlobalSection(ExtensibilityGlobals) = postSolution
		SolutionGuid = {C5324DB9-AAC5-4BEC-8A5C-619C7086FE7F}
	EndGlobalSection
EndGlobal
