
Microsoft Visual Studio Solution File, Format Version 12.00
# Visual Studio 15
VisualStudioVersion = 15.0.27703.2042
MinimumVisualStudioVersion = 10.0.40219.1
Project("{8BC9CEB8-8B4A-11D0-8D11-00A0C91BC942}") = "ClrProfiler", "ClrProfiler\ClrProfiler.vcxproj", "{91B6272F-5780-4C94-8071-DBBA7B4F67F3}"
EndProject
Project("{2150E333-8FDC-42A3-9474-1A3956D46DE8}") = "Solution Items", "Solution Items", "{12470FC6-9830-4448-BBEE-87807049796E}"
	ProjectSection(SolutionItems) = preProject
		..\.editorconfig = ..\.editorconfig
		..\dev.cmd = ..\dev.cmd
		..\tools\Dll.Repack.cmd = ..\tools\Dll.Repack.cmd
		..\tools\iisinstall.ps1 = ..\tools\iisinstall.ps1
		..\tools\iisrestart.cmd = ..\tools\iisrestart.cmd
		..\LICENSE = ..\LICENSE
		..\README.md = ..\README.md
		..\trace.json = ..\trace.json
	EndProjectSection
EndProject
Project("{9A19103F-16F7-4668-BE54-9A1E7A4F7556}") = "ClrProfiler.Trace", "ClrProfiler.Trace\ClrProfiler.Trace.csproj", "{34113CD4-9FF1-4C70-9E0E-D04A7035716C}"
EndProject
Project("{2150E333-8FDC-42A3-9474-1A3956D46DE8}") = "Examples", "Examples", "{2E1A7EB3-8F24-462D-ABC2-1A04D1F2D68C}"
EndProject
Project("{9A19103F-16F7-4668-BE54-9A1E7A4F7556}") = "Samples.WebApi", "..\examples\Samples.WebApi\Samples.WebApi.csproj", "{EBADF6E4-A708-45C0-9AD6-040F0CF247EC}"
EndProject
Project("{9A19103F-16F7-4668-BE54-9A1E7A4F7556}") = "ClrProfiler.Trace.AspNetCore", "ClrProfiler.Trace.AspNetCore\ClrProfiler.Trace.AspNetCore.csproj", "{2A418795-8F18-44F7-870F-D7573B457B40}"
EndProject
Project("{9A19103F-16F7-4668-BE54-9A1E7A4F7556}") = "ClrProfiler.Trace.HttpClient", "ClrProfiler.Trace.HttpClient\ClrProfiler.Trace.HttpClient.csproj", "{FEF99C60-08EE-4E84-BEF2-56C3B51FD209}"
EndProject
Project("{9A19103F-16F7-4668-BE54-9A1E7A4F7556}") = "ClrProfiler.Trace.MySqlConnector", "ClrProfiler.Trace.MySqlConnector\ClrProfiler.Trace.MySqlConnector.csproj", "{91777080-3BF6-4700-8B5E-8CEB612DCFCC}"
EndProject
Project("{9A19103F-16F7-4668-BE54-9A1E7A4F7556}") = "ClrProfiler.Trace.MySqlData", "ClrProfiler.Trace.MySqlData\ClrProfiler.Trace.MySqlData.csproj", "{780FB5B3-455F-475C-8F2A-52F9857BCCE2}"
EndProject
Project("{9A19103F-16F7-4668-BE54-9A1E7A4F7556}") = "ClrProfiler.Trace.StackExchangeRedis", "ClrProfiler.Trace.StackExchangeRedis\ClrProfiler.Trace.StackExchangeRedis.csproj", "{AE4E0E44-0C95-4F3F-99AC-C4EBDF89398D}"
EndProject
Project("{9A19103F-16F7-4668-BE54-9A1E7A4F7556}") = "ClrProfiler.Trace.SystemDataSqlClient", "ClrProfiler.Trace.SystemDataSqlClient\ClrProfiler.Trace.SystemDataSqlClient.csproj", "{7F6B54C6-D5B4-4B62-A5C8-800296AC97F6}"
EndProject
Project("{9A19103F-16F7-4668-BE54-9A1E7A4F7556}") = "Samples.Console", "..\examples\Samples.Console\Samples.Console.csproj", "{1040F68C-1D04-4848-8EC6-96810CD94733}"
EndProject
Project("{9A19103F-16F7-4668-BE54-9A1E7A4F7556}") = "ClrProfiler.Trace.AspNet", "ClrProfiler.Trace.AspNet\ClrProfiler.Trace.AspNet.csproj", "{659982D9-143F-43D1-93F2-9E6D3682057C}"
EndProject
Project("{9A19103F-16F7-4668-BE54-9A1E7A4F7556}") = "ClrProfiler.Trace.HttpWebRequest", "ClrProfiler.Trace.HttpWebRequest\ClrProfiler.Trace.HttpWebRequest.csproj", "{FACA2650-77BB-4917-8708-6ED336A7BD4C}"
EndProject
Project("{FAE04EC0-301F-11D3-BF4B-00C04F79EFBC}") = "Samples.AspNet", "..\examples\Samples.AspNet\Samples.AspNet.csproj", "{CCDB370C-FC63-4BFB-9848-C24234BDD22B}"
EndProject
Project("{2150E333-8FDC-42A3-9474-1A3956D46DE8}") = "Deploy", "Deploy", "{90A79102-7995-4612-B06C-FBD963D0D59B}"
EndProject
Project("{930C7802-8A8C-48F9-8165-68863BCCD9DD}") = "ClrProfiler.Installer", "..\deploy\ClrProfiler.Installer\ClrProfiler.Installer.wixproj", "{B6DB1D68-22DE-4440-A555-6930431CF4D3}"
EndProject
Global
	GlobalSection(SolutionConfigurationPlatforms) = preSolution
		Debug|Any CPU = Debug|Any CPU
		Debug|Win32 = Debug|Win32
		Debug|x64 = Debug|x64
		Debug|x86 = Debug|x86
		Release|Any CPU = Release|Any CPU
		Release|Win32 = Release|Win32
		Release|x64 = Release|x64
		Release|x86 = Release|x86
	EndGlobalSection
	GlobalSection(ProjectConfigurationPlatforms) = postSolution
		{91B6272F-5780-4C94-8071-DBBA7B4F67F3}.Debug|Any CPU.ActiveCfg = Debug|x64
		{91B6272F-5780-4C94-8071-DBBA7B4F67F3}.Debug|Win32.ActiveCfg = Debug|x64
		{91B6272F-5780-4C94-8071-DBBA7B4F67F3}.Debug|x64.ActiveCfg = Debug|x64
		{91B6272F-5780-4C94-8071-DBBA7B4F67F3}.Debug|x64.Build.0 = Debug|x64
		{91B6272F-5780-4C94-8071-DBBA7B4F67F3}.Debug|x86.ActiveCfg = Debug|x64
		{91B6272F-5780-4C94-8071-DBBA7B4F67F3}.Release|Any CPU.ActiveCfg = Release|x64
		{91B6272F-5780-4C94-8071-DBBA7B4F67F3}.Release|Win32.ActiveCfg = Release|x64
		{91B6272F-5780-4C94-8071-DBBA7B4F67F3}.Release|x64.ActiveCfg = Release|x64
		{91B6272F-5780-4C94-8071-DBBA7B4F67F3}.Release|x64.Build.0 = Release|x64
		{91B6272F-5780-4C94-8071-DBBA7B4F67F3}.Release|x86.ActiveCfg = Release|x64
		{34113CD4-9FF1-4C70-9E0E-D04A7035716C}.Debug|Any CPU.ActiveCfg = Debug|Any CPU
		{34113CD4-9FF1-4C70-9E0E-D04A7035716C}.Debug|Any CPU.Build.0 = Debug|Any CPU
		{34113CD4-9FF1-4C70-9E0E-D04A7035716C}.Debug|Win32.ActiveCfg = Debug|Any CPU
		{34113CD4-9FF1-4C70-9E0E-D04A7035716C}.Debug|Win32.Build.0 = Debug|Any CPU
		{34113CD4-9FF1-4C70-9E0E-D04A7035716C}.Debug|x64.ActiveCfg = Debug|Any CPU
		{34113CD4-9FF1-4C70-9E0E-D04A7035716C}.Debug|x64.Build.0 = Debug|Any CPU
		{34113CD4-9FF1-4C70-9E0E-D04A7035716C}.Debug|x86.ActiveCfg = Debug|Any CPU
		{34113CD4-9FF1-4C70-9E0E-D04A7035716C}.Debug|x86.Build.0 = Debug|Any CPU
		{34113CD4-9FF1-4C70-9E0E-D04A7035716C}.Release|Any CPU.ActiveCfg = Release|Any CPU
		{34113CD4-9FF1-4C70-9E0E-D04A7035716C}.Release|Any CPU.Build.0 = Release|Any CPU
		{34113CD4-9FF1-4C70-9E0E-D04A7035716C}.Release|Win32.ActiveCfg = Release|Any CPU
		{34113CD4-9FF1-4C70-9E0E-D04A7035716C}.Release|Win32.Build.0 = Release|Any CPU
		{34113CD4-9FF1-4C70-9E0E-D04A7035716C}.Release|x64.ActiveCfg = Release|Any CPU
		{34113CD4-9FF1-4C70-9E0E-D04A7035716C}.Release|x64.Build.0 = Release|Any CPU
		{34113CD4-9FF1-4C70-9E0E-D04A7035716C}.Release|x86.ActiveCfg = Release|Any CPU
		{34113CD4-9FF1-4C70-9E0E-D04A7035716C}.Release|x86.Build.0 = Release|Any CPU
		{EBADF6E4-A708-45C0-9AD6-040F0CF247EC}.Debug|Any CPU.ActiveCfg = Debug|Any CPU
		{EBADF6E4-A708-45C0-9AD6-040F0CF247EC}.Debug|Any CPU.Build.0 = Debug|Any CPU
		{EBADF6E4-A708-45C0-9AD6-040F0CF247EC}.Debug|Win32.ActiveCfg = Debug|Any CPU
		{EBADF6E4-A708-45C0-9AD6-040F0CF247EC}.Debug|Win32.Build.0 = Debug|Any CPU
		{EBADF6E4-A708-45C0-9AD6-040F0CF247EC}.Debug|x64.ActiveCfg = Debug|Any CPU
		{EBADF6E4-A708-45C0-9AD6-040F0CF247EC}.Debug|x64.Build.0 = Debug|Any CPU
		{EBADF6E4-A708-45C0-9AD6-040F0CF247EC}.Debug|x86.ActiveCfg = Debug|Any CPU
		{EBADF6E4-A708-45C0-9AD6-040F0CF247EC}.Debug|x86.Build.0 = Debug|Any CPU
		{EBADF6E4-A708-45C0-9AD6-040F0CF247EC}.Release|Any CPU.ActiveCfg = Release|Any CPU
		{EBADF6E4-A708-45C0-9AD6-040F0CF247EC}.Release|Any CPU.Build.0 = Release|Any CPU
		{EBADF6E4-A708-45C0-9AD6-040F0CF247EC}.Release|Win32.ActiveCfg = Release|Any CPU
		{EBADF6E4-A708-45C0-9AD6-040F0CF247EC}.Release|Win32.Build.0 = Release|Any CPU
		{EBADF6E4-A708-45C0-9AD6-040F0CF247EC}.Release|x64.ActiveCfg = Release|Any CPU
		{EBADF6E4-A708-45C0-9AD6-040F0CF247EC}.Release|x64.Build.0 = Release|Any CPU
		{EBADF6E4-A708-45C0-9AD6-040F0CF247EC}.Release|x86.ActiveCfg = Release|Any CPU
		{EBADF6E4-A708-45C0-9AD6-040F0CF247EC}.Release|x86.Build.0 = Release|Any CPU
		{2A418795-8F18-44F7-870F-D7573B457B40}.Debug|Any CPU.ActiveCfg = Debug|Any CPU
		{2A418795-8F18-44F7-870F-D7573B457B40}.Debug|Any CPU.Build.0 = Debug|Any CPU
		{2A418795-8F18-44F7-870F-D7573B457B40}.Debug|Win32.ActiveCfg = Debug|Any CPU
		{2A418795-8F18-44F7-870F-D7573B457B40}.Debug|Win32.Build.0 = Debug|Any CPU
		{2A418795-8F18-44F7-870F-D7573B457B40}.Debug|x64.ActiveCfg = Debug|Any CPU
		{2A418795-8F18-44F7-870F-D7573B457B40}.Debug|x64.Build.0 = Debug|Any CPU
		{2A418795-8F18-44F7-870F-D7573B457B40}.Debug|x86.ActiveCfg = Debug|Any CPU
		{2A418795-8F18-44F7-870F-D7573B457B40}.Debug|x86.Build.0 = Debug|Any CPU
		{2A418795-8F18-44F7-870F-D7573B457B40}.Release|Any CPU.ActiveCfg = Release|Any CPU
		{2A418795-8F18-44F7-870F-D7573B457B40}.Release|Any CPU.Build.0 = Release|Any CPU
		{2A418795-8F18-44F7-870F-D7573B457B40}.Release|Win32.ActiveCfg = Release|Any CPU
		{2A418795-8F18-44F7-870F-D7573B457B40}.Release|Win32.Build.0 = Release|Any CPU
		{2A418795-8F18-44F7-870F-D7573B457B40}.Release|x64.ActiveCfg = Release|Any CPU
		{2A418795-8F18-44F7-870F-D7573B457B40}.Release|x64.Build.0 = Release|Any CPU
		{2A418795-8F18-44F7-870F-D7573B457B40}.Release|x86.ActiveCfg = Release|Any CPU
		{2A418795-8F18-44F7-870F-D7573B457B40}.Release|x86.Build.0 = Release|Any CPU
		{FEF99C60-08EE-4E84-BEF2-56C3B51FD209}.Debug|Any CPU.ActiveCfg = Debug|Any CPU
		{FEF99C60-08EE-4E84-BEF2-56C3B51FD209}.Debug|Any CPU.Build.0 = Debug|Any CPU
		{FEF99C60-08EE-4E84-BEF2-56C3B51FD209}.Debug|Win32.ActiveCfg = Debug|Any CPU
		{FEF99C60-08EE-4E84-BEF2-56C3B51FD209}.Debug|Win32.Build.0 = Debug|Any CPU
		{FEF99C60-08EE-4E84-BEF2-56C3B51FD209}.Debug|x64.ActiveCfg = Debug|Any CPU
		{FEF99C60-08EE-4E84-BEF2-56C3B51FD209}.Debug|x64.Build.0 = Debug|Any CPU
		{FEF99C60-08EE-4E84-BEF2-56C3B51FD209}.Debug|x86.ActiveCfg = Debug|Any CPU
		{FEF99C60-08EE-4E84-BEF2-56C3B51FD209}.Debug|x86.Build.0 = Debug|Any CPU
		{FEF99C60-08EE-4E84-BEF2-56C3B51FD209}.Release|Any CPU.ActiveCfg = Release|Any CPU
		{FEF99C60-08EE-4E84-BEF2-56C3B51FD209}.Release|Any CPU.Build.0 = Release|Any CPU
		{FEF99C60-08EE-4E84-BEF2-56C3B51FD209}.Release|Win32.ActiveCfg = Release|Any CPU
		{FEF99C60-08EE-4E84-BEF2-56C3B51FD209}.Release|Win32.Build.0 = Release|Any CPU
		{FEF99C60-08EE-4E84-BEF2-56C3B51FD209}.Release|x64.ActiveCfg = Release|Any CPU
		{FEF99C60-08EE-4E84-BEF2-56C3B51FD209}.Release|x64.Build.0 = Release|Any CPU
		{FEF99C60-08EE-4E84-BEF2-56C3B51FD209}.Release|x86.ActiveCfg = Release|Any CPU
		{FEF99C60-08EE-4E84-BEF2-56C3B51FD209}.Release|x86.Build.0 = Release|Any CPU
		{91777080-3BF6-4700-8B5E-8CEB612DCFCC}.Debug|Any CPU.ActiveCfg = Debug|Any CPU
		{91777080-3BF6-4700-8B5E-8CEB612DCFCC}.Debug|Any CPU.Build.0 = Debug|Any CPU
		{91777080-3BF6-4700-8B5E-8CEB612DCFCC}.Debug|Win32.ActiveCfg = Debug|Any CPU
		{91777080-3BF6-4700-8B5E-8CEB612DCFCC}.Debug|Win32.Build.0 = Debug|Any CPU
		{91777080-3BF6-4700-8B5E-8CEB612DCFCC}.Debug|x64.ActiveCfg = Debug|Any CPU
		{91777080-3BF6-4700-8B5E-8CEB612DCFCC}.Debug|x64.Build.0 = Debug|Any CPU
		{91777080-3BF6-4700-8B5E-8CEB612DCFCC}.Debug|x86.ActiveCfg = Debug|Any CPU
		{91777080-3BF6-4700-8B5E-8CEB612DCFCC}.Debug|x86.Build.0 = Debug|Any CPU
		{91777080-3BF6-4700-8B5E-8CEB612DCFCC}.Release|Any CPU.ActiveCfg = Release|Any CPU
		{91777080-3BF6-4700-8B5E-8CEB612DCFCC}.Release|Any CPU.Build.0 = Release|Any CPU
		{91777080-3BF6-4700-8B5E-8CEB612DCFCC}.Release|Win32.ActiveCfg = Release|Any CPU
		{91777080-3BF6-4700-8B5E-8CEB612DCFCC}.Release|Win32.Build.0 = Release|Any CPU
		{91777080-3BF6-4700-8B5E-8CEB612DCFCC}.Release|x64.ActiveCfg = Release|Any CPU
		{91777080-3BF6-4700-8B5E-8CEB612DCFCC}.Release|x64.Build.0 = Release|Any CPU
		{91777080-3BF6-4700-8B5E-8CEB612DCFCC}.Release|x86.ActiveCfg = Release|Any CPU
		{91777080-3BF6-4700-8B5E-8CEB612DCFCC}.Release|x86.Build.0 = Release|Any CPU
		{780FB5B3-455F-475C-8F2A-52F9857BCCE2}.Debug|Any CPU.ActiveCfg = Debug|Any CPU
		{780FB5B3-455F-475C-8F2A-52F9857BCCE2}.Debug|Any CPU.Build.0 = Debug|Any CPU
		{780FB5B3-455F-475C-8F2A-52F9857BCCE2}.Debug|Win32.ActiveCfg = Debug|Any CPU
		{780FB5B3-455F-475C-8F2A-52F9857BCCE2}.Debug|Win32.Build.0 = Debug|Any CPU
		{780FB5B3-455F-475C-8F2A-52F9857BCCE2}.Debug|x64.ActiveCfg = Debug|Any CPU
		{780FB5B3-455F-475C-8F2A-52F9857BCCE2}.Debug|x64.Build.0 = Debug|Any CPU
		{780FB5B3-455F-475C-8F2A-52F9857BCCE2}.Debug|x86.ActiveCfg = Debug|Any CPU
		{780FB5B3-455F-475C-8F2A-52F9857BCCE2}.Debug|x86.Build.0 = Debug|Any CPU
		{780FB5B3-455F-475C-8F2A-52F9857BCCE2}.Release|Any CPU.ActiveCfg = Release|Any CPU
		{780FB5B3-455F-475C-8F2A-52F9857BCCE2}.Release|Any CPU.Build.0 = Release|Any CPU
		{780FB5B3-455F-475C-8F2A-52F9857BCCE2}.Release|Win32.ActiveCfg = Release|Any CPU
		{780FB5B3-455F-475C-8F2A-52F9857BCCE2}.Release|Win32.Build.0 = Release|Any CPU
		{780FB5B3-455F-475C-8F2A-52F9857BCCE2}.Release|x64.ActiveCfg = Release|Any CPU
		{780FB5B3-455F-475C-8F2A-52F9857BCCE2}.Release|x64.Build.0 = Release|Any CPU
		{780FB5B3-455F-475C-8F2A-52F9857BCCE2}.Release|x86.ActiveCfg = Release|Any CPU
		{780FB5B3-455F-475C-8F2A-52F9857BCCE2}.Release|x86.Build.0 = Release|Any CPU
		{AE4E0E44-0C95-4F3F-99AC-C4EBDF89398D}.Debug|Any CPU.ActiveCfg = Debug|Any CPU
		{AE4E0E44-0C95-4F3F-99AC-C4EBDF89398D}.Debug|Any CPU.Build.0 = Debug|Any CPU
		{AE4E0E44-0C95-4F3F-99AC-C4EBDF89398D}.Debug|Win32.ActiveCfg = Debug|Any CPU
		{AE4E0E44-0C95-4F3F-99AC-C4EBDF89398D}.Debug|Win32.Build.0 = Debug|Any CPU
		{AE4E0E44-0C95-4F3F-99AC-C4EBDF89398D}.Debug|x64.ActiveCfg = Debug|Any CPU
		{AE4E0E44-0C95-4F3F-99AC-C4EBDF89398D}.Debug|x64.Build.0 = Debug|Any CPU
		{AE4E0E44-0C95-4F3F-99AC-C4EBDF89398D}.Debug|x86.ActiveCfg = Debug|Any CPU
		{AE4E0E44-0C95-4F3F-99AC-C4EBDF89398D}.Debug|x86.Build.0 = Debug|Any CPU
		{AE4E0E44-0C95-4F3F-99AC-C4EBDF89398D}.Release|Any CPU.ActiveCfg = Release|Any CPU
		{AE4E0E44-0C95-4F3F-99AC-C4EBDF89398D}.Release|Any CPU.Build.0 = Release|Any CPU
		{AE4E0E44-0C95-4F3F-99AC-C4EBDF89398D}.Release|Win32.ActiveCfg = Release|Any CPU
		{AE4E0E44-0C95-4F3F-99AC-C4EBDF89398D}.Release|Win32.Build.0 = Release|Any CPU
		{AE4E0E44-0C95-4F3F-99AC-C4EBDF89398D}.Release|x64.ActiveCfg = Release|Any CPU
		{AE4E0E44-0C95-4F3F-99AC-C4EBDF89398D}.Release|x64.Build.0 = Release|Any CPU
		{AE4E0E44-0C95-4F3F-99AC-C4EBDF89398D}.Release|x86.ActiveCfg = Release|Any CPU
		{AE4E0E44-0C95-4F3F-99AC-C4EBDF89398D}.Release|x86.Build.0 = Release|Any CPU
		{7F6B54C6-D5B4-4B62-A5C8-800296AC97F6}.Debug|Any CPU.ActiveCfg = Debug|Any CPU
		{7F6B54C6-D5B4-4B62-A5C8-800296AC97F6}.Debug|Any CPU.Build.0 = Debug|Any CPU
		{7F6B54C6-D5B4-4B62-A5C8-800296AC97F6}.Debug|Win32.ActiveCfg = Debug|Any CPU
		{7F6B54C6-D5B4-4B62-A5C8-800296AC97F6}.Debug|Win32.Build.0 = Debug|Any CPU
		{7F6B54C6-D5B4-4B62-A5C8-800296AC97F6}.Debug|x64.ActiveCfg = Debug|Any CPU
		{7F6B54C6-D5B4-4B62-A5C8-800296AC97F6}.Debug|x64.Build.0 = Debug|Any CPU
		{7F6B54C6-D5B4-4B62-A5C8-800296AC97F6}.Debug|x86.ActiveCfg = Debug|Any CPU
		{7F6B54C6-D5B4-4B62-A5C8-800296AC97F6}.Debug|x86.Build.0 = Debug|Any CPU
		{7F6B54C6-D5B4-4B62-A5C8-800296AC97F6}.Release|Any CPU.ActiveCfg = Release|Any CPU
		{7F6B54C6-D5B4-4B62-A5C8-800296AC97F6}.Release|Any CPU.Build.0 = Release|Any CPU
		{7F6B54C6-D5B4-4B62-A5C8-800296AC97F6}.Release|Win32.ActiveCfg = Release|Any CPU
		{7F6B54C6-D5B4-4B62-A5C8-800296AC97F6}.Release|Win32.Build.0 = Release|Any CPU
		{7F6B54C6-D5B4-4B62-A5C8-800296AC97F6}.Release|x64.ActiveCfg = Release|Any CPU
		{7F6B54C6-D5B4-4B62-A5C8-800296AC97F6}.Release|x64.Build.0 = Release|Any CPU
		{7F6B54C6-D5B4-4B62-A5C8-800296AC97F6}.Release|x86.ActiveCfg = Release|Any CPU
		{7F6B54C6-D5B4-4B62-A5C8-800296AC97F6}.Release|x86.Build.0 = Release|Any CPU
		{1040F68C-1D04-4848-8EC6-96810CD94733}.Debug|Any CPU.ActiveCfg = Debug|Any CPU
		{1040F68C-1D04-4848-8EC6-96810CD94733}.Debug|Any CPU.Build.0 = Debug|Any CPU
		{1040F68C-1D04-4848-8EC6-96810CD94733}.Debug|Win32.ActiveCfg = Debug|Any CPU
		{1040F68C-1D04-4848-8EC6-96810CD94733}.Debug|Win32.Build.0 = Debug|Any CPU
		{1040F68C-1D04-4848-8EC6-96810CD94733}.Debug|x64.ActiveCfg = Debug|Any CPU
		{1040F68C-1D04-4848-8EC6-96810CD94733}.Debug|x64.Build.0 = Debug|Any CPU
		{1040F68C-1D04-4848-8EC6-96810CD94733}.Debug|x86.ActiveCfg = Debug|Any CPU
		{1040F68C-1D04-4848-8EC6-96810CD94733}.Debug|x86.Build.0 = Debug|Any CPU
		{1040F68C-1D04-4848-8EC6-96810CD94733}.Release|Any CPU.ActiveCfg = Release|Any CPU
		{1040F68C-1D04-4848-8EC6-96810CD94733}.Release|Any CPU.Build.0 = Release|Any CPU
		{1040F68C-1D04-4848-8EC6-96810CD94733}.Release|Win32.ActiveCfg = Release|Any CPU
		{1040F68C-1D04-4848-8EC6-96810CD94733}.Release|Win32.Build.0 = Release|Any CPU
		{1040F68C-1D04-4848-8EC6-96810CD94733}.Release|x64.ActiveCfg = Release|Any CPU
		{1040F68C-1D04-4848-8EC6-96810CD94733}.Release|x64.Build.0 = Release|Any CPU
		{1040F68C-1D04-4848-8EC6-96810CD94733}.Release|x86.ActiveCfg = Release|Any CPU
		{1040F68C-1D04-4848-8EC6-96810CD94733}.Release|x86.Build.0 = Release|Any CPU
		{659982D9-143F-43D1-93F2-9E6D3682057C}.Debug|Any CPU.ActiveCfg = Debug|Any CPU
		{659982D9-143F-43D1-93F2-9E6D3682057C}.Debug|Any CPU.Build.0 = Debug|Any CPU
		{659982D9-143F-43D1-93F2-9E6D3682057C}.Debug|Win32.ActiveCfg = Debug|Any CPU
		{659982D9-143F-43D1-93F2-9E6D3682057C}.Debug|Win32.Build.0 = Debug|Any CPU
		{659982D9-143F-43D1-93F2-9E6D3682057C}.Debug|x64.ActiveCfg = Debug|Any CPU
		{659982D9-143F-43D1-93F2-9E6D3682057C}.Debug|x64.Build.0 = Debug|Any CPU
		{659982D9-143F-43D1-93F2-9E6D3682057C}.Debug|x86.ActiveCfg = Debug|Any CPU
		{659982D9-143F-43D1-93F2-9E6D3682057C}.Debug|x86.Build.0 = Debug|Any CPU
		{659982D9-143F-43D1-93F2-9E6D3682057C}.Release|Any CPU.ActiveCfg = Release|Any CPU
		{659982D9-143F-43D1-93F2-9E6D3682057C}.Release|Any CPU.Build.0 = Release|Any CPU
		{659982D9-143F-43D1-93F2-9E6D3682057C}.Release|Win32.ActiveCfg = Release|Any CPU
		{659982D9-143F-43D1-93F2-9E6D3682057C}.Release|Win32.Build.0 = Release|Any CPU
		{659982D9-143F-43D1-93F2-9E6D3682057C}.Release|x64.ActiveCfg = Release|Any CPU
		{659982D9-143F-43D1-93F2-9E6D3682057C}.Release|x64.Build.0 = Release|Any CPU
		{659982D9-143F-43D1-93F2-9E6D3682057C}.Release|x86.ActiveCfg = Release|Any CPU
		{659982D9-143F-43D1-93F2-9E6D3682057C}.Release|x86.Build.0 = Release|Any CPU
		{FACA2650-77BB-4917-8708-6ED336A7BD4C}.Debug|Any CPU.ActiveCfg = Debug|Any CPU
		{FACA2650-77BB-4917-8708-6ED336A7BD4C}.Debug|Any CPU.Build.0 = Debug|Any CPU
		{FACA2650-77BB-4917-8708-6ED336A7BD4C}.Debug|Win32.ActiveCfg = Debug|Any CPU
		{FACA2650-77BB-4917-8708-6ED336A7BD4C}.Debug|Win32.Build.0 = Debug|Any CPU
		{FACA2650-77BB-4917-8708-6ED336A7BD4C}.Debug|x64.ActiveCfg = Debug|Any CPU
		{FACA2650-77BB-4917-8708-6ED336A7BD4C}.Debug|x64.Build.0 = Debug|Any CPU
		{FACA2650-77BB-4917-8708-6ED336A7BD4C}.Debug|x86.ActiveCfg = Debug|Any CPU
		{FACA2650-77BB-4917-8708-6ED336A7BD4C}.Debug|x86.Build.0 = Debug|Any CPU
		{FACA2650-77BB-4917-8708-6ED336A7BD4C}.Release|Any CPU.ActiveCfg = Release|Any CPU
		{FACA2650-77BB-4917-8708-6ED336A7BD4C}.Release|Any CPU.Build.0 = Release|Any CPU
		{FACA2650-77BB-4917-8708-6ED336A7BD4C}.Release|Win32.ActiveCfg = Release|Any CPU
		{FACA2650-77BB-4917-8708-6ED336A7BD4C}.Release|Win32.Build.0 = Release|Any CPU
		{FACA2650-77BB-4917-8708-6ED336A7BD4C}.Release|x64.ActiveCfg = Release|Any CPU
		{FACA2650-77BB-4917-8708-6ED336A7BD4C}.Release|x64.Build.0 = Release|Any CPU
		{FACA2650-77BB-4917-8708-6ED336A7BD4C}.Release|x86.ActiveCfg = Release|Any CPU
		{FACA2650-77BB-4917-8708-6ED336A7BD4C}.Release|x86.Build.0 = Release|Any CPU
		{CCDB370C-FC63-4BFB-9848-C24234BDD22B}.Debug|Any CPU.ActiveCfg = Debug|Any CPU
		{CCDB370C-FC63-4BFB-9848-C24234BDD22B}.Debug|Any CPU.Build.0 = Debug|Any CPU
		{CCDB370C-FC63-4BFB-9848-C24234BDD22B}.Debug|Win32.ActiveCfg = Debug|Any CPU
		{CCDB370C-FC63-4BFB-9848-C24234BDD22B}.Debug|Win32.Build.0 = Debug|Any CPU
		{CCDB370C-FC63-4BFB-9848-C24234BDD22B}.Debug|x64.ActiveCfg = Debug|Any CPU
		{CCDB370C-FC63-4BFB-9848-C24234BDD22B}.Debug|x64.Build.0 = Debug|Any CPU
		{CCDB370C-FC63-4BFB-9848-C24234BDD22B}.Debug|x86.ActiveCfg = Debug|Any CPU
		{CCDB370C-FC63-4BFB-9848-C24234BDD22B}.Debug|x86.Build.0 = Debug|Any CPU
		{CCDB370C-FC63-4BFB-9848-C24234BDD22B}.Release|Any CPU.ActiveCfg = Release|Any CPU
		{CCDB370C-FC63-4BFB-9848-C24234BDD22B}.Release|Any CPU.Build.0 = Release|Any CPU
		{CCDB370C-FC63-4BFB-9848-C24234BDD22B}.Release|Win32.ActiveCfg = Release|Any CPU
		{CCDB370C-FC63-4BFB-9848-C24234BDD22B}.Release|Win32.Build.0 = Release|Any CPU
		{CCDB370C-FC63-4BFB-9848-C24234BDD22B}.Release|x64.ActiveCfg = Release|Any CPU
		{CCDB370C-FC63-4BFB-9848-C24234BDD22B}.Release|x64.Build.0 = Release|Any CPU
		{CCDB370C-FC63-4BFB-9848-C24234BDD22B}.Release|x86.ActiveCfg = Release|Any CPU
		{CCDB370C-FC63-4BFB-9848-C24234BDD22B}.Release|x86.Build.0 = Release|Any CPU
		{B6DB1D68-22DE-4440-A555-6930431CF4D3}.Debug|Any CPU.ActiveCfg = Debug|x64
		{B6DB1D68-22DE-4440-A555-6930431CF4D3}.Debug|Win32.ActiveCfg = Debug|x64
		{B6DB1D68-22DE-4440-A555-6930431CF4D3}.Debug|x64.ActiveCfg = Debug|x64
		{B6DB1D68-22DE-4440-A555-6930431CF4D3}.Debug|x64.Build.0 = Debug|x64
		{B6DB1D68-22DE-4440-A555-6930431CF4D3}.Debug|x86.ActiveCfg = Debug|x64
		{B6DB1D68-22DE-4440-A555-6930431CF4D3}.Release|Any CPU.ActiveCfg = Release|x64
		{B6DB1D68-22DE-4440-A555-6930431CF4D3}.Release|Win32.ActiveCfg = Release|x64
		{B6DB1D68-22DE-4440-A555-6930431CF4D3}.Release|x64.ActiveCfg = Release|x64
		{B6DB1D68-22DE-4440-A555-6930431CF4D3}.Release|x64.Build.0 = Release|x64
		{B6DB1D68-22DE-4440-A555-6930431CF4D3}.Release|x86.ActiveCfg = Release|x64
	EndGlobalSection
	GlobalSection(SolutionProperties) = preSolution
		HideSolutionNode = FALSE
	EndGlobalSection
	GlobalSection(NestedProjects) = preSolution
		{EBADF6E4-A708-45C0-9AD6-040F0CF247EC} = {2E1A7EB3-8F24-462D-ABC2-1A04D1F2D68C}
		{1040F68C-1D04-4848-8EC6-96810CD94733} = {2E1A7EB3-8F24-462D-ABC2-1A04D1F2D68C}
		{CCDB370C-FC63-4BFB-9848-C24234BDD22B} = {2E1A7EB3-8F24-462D-ABC2-1A04D1F2D68C}
		{B6DB1D68-22DE-4440-A555-6930431CF4D3} = {90A79102-7995-4612-B06C-FBD963D0D59B}
	EndGlobalSection
	GlobalSection(ExtensibilityGlobals) = postSolution
		SolutionGuid = {C5324DB9-AAC5-4BEC-8A5C-619C7086FE7F}
	EndGlobalSection
EndGlobal
